
Microsoft Visual Studio Solution File, Format Version 12.00
# Visual Studio Version 17
VisualStudioVersion = 17.4.33122.133
MinimumVisualStudioVersion = 10.0.40219.1
Project("{FAE04EC0-301F-11D3-BF4B-00C04F79EFBC}") = "AlgorithmLab4", "AlgorithmLab4.csproj", "{EDC89164-5B2A-4520-A382-4D8EA23130E3}"
EndProject
Global
	GlobalSection(SolutionConfigurationPlatforms) = preSolution
		Debug|Any CPU = Debug|Any CPU
		Release|Any CPU = Release|Any CPU
	EndGlobalSection
	GlobalSection(ProjectConfigurationPlatforms) = postSolution
		{EDC89164-5B2A-4520-A382-4D8EA23130E3}.Debug|Any CPU.ActiveCfg = Debug|Any CPU
		{EDC89164-5B2A-4520-A382-4D8EA23130E3}.Debug|Any CPU.Build.0 = Debug|Any CPU
		{EDC89164-5B2A-4520-A382-4D8EA23130E3}.Release|Any CPU.ActiveCfg = Release|Any CPU
		{EDC89164-5B2A-4520-A382-4D8EA23130E3}.Release|Any CPU.Build.0 = Release|Any CPU
	EndGlobalSection
	GlobalSection(SolutionProperties) = preSolution
		HideSolutionNode = FALSE
	EndGlobalSection
	GlobalSection(ExtensibilityGlobals) = postSolution
		SolutionGuid = {59A8EA5F-DB47-4AF4-89E5-7CA5DD1875BB}
	EndGlobalSection
EndGlobal
